
Microsoft Visual Studio Solution File, Format Version 12.00
# Visual Studio Version 17
VisualStudioVersion = 17.10.35013.160
MinimumVisualStudioVersion = 10.0.40219.1
Project("{9A19103F-16F7-4668-BE54-9A1E7A4F7556}") = "WebApplication1", "WebApplication1.csproj", "{C7021A55-D9DF-4108-9738-059A755D2D0D}"
EndProject
Project("{9A19103F-16F7-4668-BE54-9A1E7A4F7556}") = "ClassLibrary1", "..\ClassLibrary1\ClassLibrary1.csproj", "{DD757E2E-E91C-458A-B98E-062DAB00436E}"
EndProject
Global
	GlobalSection(SolutionConfigurationPlatforms) = preSolution
		Debug|Any CPU = Debug|Any CPU
		Release|Any CPU = Release|Any CPU
	EndGlobalSection
	GlobalSection(ProjectConfigurationPlatforms) = postSolution
		{C7021A55-D9DF-4108-9738-059A755D2D0D}.Debug|Any CPU.ActiveCfg = Debug|Any CPU
		{C7021A55-D9DF-4108-9738-059A755D2D0D}.Debug|Any CPU.Build.0 = Debug|Any CPU
		{C7021A55-D9DF-4108-9738-059A755D2D0D}.Release|Any CPU.ActiveCfg = Release|Any CPU
		{C7021A55-D9DF-4108-9738-059A755D2D0D}.Release|Any CPU.Build.0 = Release|Any CPU
		{DD757E2E-E91C-458A-B98E-062DAB00436E}.Debug|Any CPU.ActiveCfg = Debug|Any CPU
		{DD757E2E-E91C-458A-B98E-062DAB00436E}.Debug|Any CPU.Build.0 = Debug|Any CPU
		{DD757E2E-E91C-458A-B98E-062DAB00436E}.Release|Any CPU.ActiveCfg = Release|Any CPU
		{DD757E2E-E91C-458A-B98E-062DAB00436E}.Release|Any CPU.Build.0 = Release|Any CPU
	EndGlobalSection
	GlobalSection(SolutionProperties) = preSolution
		HideSolutionNode = FALSE
	EndGlobalSection
	GlobalSection(ExtensibilityGlobals) = postSolution
		SolutionGuid = {78CEF2B8-65FB-4D1F-8FD4-75A167DB2AB0}
	EndGlobalSection
EndGlobal
