
Microsoft Visual Studio Solution File, Format Version 12.00
# Visual Studio Version 17
VisualStudioVersion = 17.9.34622.214
MinimumVisualStudioVersion = 10.0.40219.1
Project("{FAE04EC0-301F-11D3-BF4B-00C04F79EFBC}") = "SingScore", "SingScore.csproj", "{7B1E0F08-79B4-43BD-A2A1-CCAED8CAC514}"
EndProject
Global
	GlobalSection(SolutionConfigurationPlatforms) = preSolution
		Debug|Any CPU = Debug|Any CPU
		Release|Any CPU = Release|Any CPU
	EndGlobalSection
	GlobalSection(ProjectConfigurationPlatforms) = postSolution
		{7B1E0F08-79B4-43BD-A2A1-CCAED8CAC514}.Debug|Any CPU.ActiveCfg = Debug|Any CPU
		{7B1E0F08-79B4-43BD-A2A1-CCAED8CAC514}.Debug|Any CPU.Build.0 = Debug|Any CPU
		{7B1E0F08-79B4-43BD-A2A1-CCAED8CAC514}.Release|Any CPU.ActiveCfg = Release|Any CPU
		{7B1E0F08-79B4-43BD-A2A1-CCAED8CAC514}.Release|Any CPU.Build.0 = Release|Any CPU
	EndGlobalSection
	GlobalSection(SolutionProperties) = preSolution
		HideSolutionNode = FALSE
	EndGlobalSection
	GlobalSection(ExtensibilityGlobals) = postSolution
		SolutionGuid = {8B903597-8CCA-45DC-9C32-357054C01784}
	EndGlobalSection
EndGlobal
